
Microsoft Visual Studio Solution File, Format Version 12.00
# Visual Studio Version 16
VisualStudioVersion = 16.0.29926.136
MinimumVisualStudioVersion = 10.0.40219.1
Project("{FAE04EC0-301F-11D3-BF4B-00C04F79EFBC}") = "Techunk Launcher", "Techunk Launcher\Techunk Launcher.csproj", "{CF507405-457C-4ED2-A9C1-CC22E32186A4}"
EndProject
Project("{FAE04EC0-301F-11D3-BF4B-00C04F79EFBC}") = "Techunk Api", "Techunk Api\Techunk Api.csproj", "{62B5C816-CC35-4F1F-A7A2-59AA8BFD30BD}"
EndProject
Global
	GlobalSection(SolutionConfigurationPlatforms) = preSolution
		Debug|Any CPU = Debug|Any CPU
		Release|Any CPU = Release|Any CPU
	EndGlobalSection
	GlobalSection(ProjectConfigurationPlatforms) = postSolution
		{CF507405-457C-4ED2-A9C1-CC22E32186A4}.Debug|Any CPU.ActiveCfg = Debug|Any CPU
		{CF507405-457C-4ED2-A9C1-CC22E32186A4}.Debug|Any CPU.Build.0 = Debug|Any CPU
		{CF507405-457C-4ED2-A9C1-CC22E32186A4}.Release|Any CPU.ActiveCfg = Release|Any CPU
		{CF507405-457C-4ED2-A9C1-CC22E32186A4}.Release|Any CPU.Build.0 = Release|Any CPU
		{62B5C816-CC35-4F1F-A7A2-59AA8BFD30BD}.Debug|Any CPU.ActiveCfg = Debug|Any CPU
		{62B5C816-CC35-4F1F-A7A2-59AA8BFD30BD}.Debug|Any CPU.Build.0 = Debug|Any CPU
		{62B5C816-CC35-4F1F-A7A2-59AA8BFD30BD}.Release|Any CPU.ActiveCfg = Release|Any CPU
		{62B5C816-CC35-4F1F-A7A2-59AA8BFD30BD}.Release|Any CPU.Build.0 = Release|Any CPU
	EndGlobalSection
	GlobalSection(SolutionProperties) = preSolution
		HideSolutionNode = FALSE
	EndGlobalSection
	GlobalSection(ExtensibilityGlobals) = postSolution
		SolutionGuid = {361F9A07-638F-4751-8897-FE0B5C3EEBDD}
	EndGlobalSection
EndGlobal
