
Microsoft Visual Studio Solution File, Format Version 12.00
# Visual Studio Version 16
VisualStudioVersion = 16.0.30001.183
MinimumVisualStudioVersion = 10.0.40219.1
Project("{9A19103F-16F7-4668-BE54-9A1E7A4F7556}") = "Techunk Api", "Techunk_Api\Techunk Api.csproj", "{DAAC53BC-A6C3-49E6-ACDD-A6D268019371}"
EndProject
Project("{FAE04EC0-301F-11D3-BF4B-00C04F79EFBC}") = "Techunk Launcher", "Techunk_Launcher\Techunk Launcher.csproj", "{CF507405-457C-4ED2-A9C1-CC22E32186A4}"
	ProjectSection(ProjectDependencies) = postProject
		{DAAC53BC-A6C3-49E6-ACDD-A6D268019371} = {DAAC53BC-A6C3-49E6-ACDD-A6D268019371}
	EndProjectSection
EndProject
Global
	GlobalSection(SolutionConfigurationPlatforms) = preSolution
		Debug|Any CPU = Debug|Any CPU
		Release|Any CPU = Release|Any CPU
	EndGlobalSection
	GlobalSection(ProjectConfigurationPlatforms) = postSolution
		{DAAC53BC-A6C3-49E6-ACDD-A6D268019371}.Debug|Any CPU.ActiveCfg = Debug|Any CPU
		{DAAC53BC-A6C3-49E6-ACDD-A6D268019371}.Debug|Any CPU.Build.0 = Debug|Any CPU
		{DAAC53BC-A6C3-49E6-ACDD-A6D268019371}.Release|Any CPU.ActiveCfg = Release|Any CPU
		{DAAC53BC-A6C3-49E6-ACDD-A6D268019371}.Release|Any CPU.Build.0 = Release|Any CPU
		{CF507405-457C-4ED2-A9C1-CC22E32186A4}.Debug|Any CPU.ActiveCfg = Debug|Any CPU
		{CF507405-457C-4ED2-A9C1-CC22E32186A4}.Debug|Any CPU.Build.0 = Debug|Any CPU
		{CF507405-457C-4ED2-A9C1-CC22E32186A4}.Release|Any CPU.ActiveCfg = Release|Any CPU
		{CF507405-457C-4ED2-A9C1-CC22E32186A4}.Release|Any CPU.Build.0 = Release|Any CPU
	EndGlobalSection
	GlobalSection(SolutionProperties) = preSolution
		HideSolutionNode = FALSE
	EndGlobalSection
	GlobalSection(ExtensibilityGlobals) = postSolution
		SolutionGuid = {7226E5D7-9A72-4792-AAFF-712652CCCFD3}
	EndGlobalSection
EndGlobal
